
Microsoft Visual Studio Solution File, Format Version 12.00
# Visual Studio Version 16
VisualStudioVersion = 16.0.30114.105
MinimumVisualStudioVersion = 10.0.40219.1
Project("{9A19103F-16F7-4668-BE54-9A1E7A4F7556}") = "Lighta++", "User Management System\Lighta++.csproj", "{7B8D169B-FE4D-4CAB-92C5-B2E2B3A17063}"
EndProject
Project("{FAE04EC0-301F-11D3-BF4B-00C04F79EFBC}") = "UnitTestLMSProject", "UnitTestLMSProject\UnitTestLMSProject.csproj", "{E8998423-B261-4C00-9C3C-AA4B21483C5C}"
EndProject
Global
	GlobalSection(SolutionConfigurationPlatforms) = preSolution
		Debug|Any CPU = Debug|Any CPU
		Release|Any CPU = Release|Any CPU
	EndGlobalSection
	GlobalSection(ProjectConfigurationPlatforms) = postSolution
		{7B8D169B-FE4D-4CAB-92C5-B2E2B3A17063}.Debug|Any CPU.ActiveCfg = Debug|Any CPU
		{7B8D169B-FE4D-4CAB-92C5-B2E2B3A17063}.Debug|Any CPU.Build.0 = Debug|Any CPU
		{7B8D169B-FE4D-4CAB-92C5-B2E2B3A17063}.Release|Any CPU.ActiveCfg = Release|Any CPU
		{7B8D169B-FE4D-4CAB-92C5-B2E2B3A17063}.Release|Any CPU.Build.0 = Release|Any CPU
		{E8998423-B261-4C00-9C3C-AA4B21483C5C}.Debug|Any CPU.ActiveCfg = Debug|Any CPU
		{E8998423-B261-4C00-9C3C-AA4B21483C5C}.Debug|Any CPU.Build.0 = Debug|Any CPU
		{E8998423-B261-4C00-9C3C-AA4B21483C5C}.Release|Any CPU.ActiveCfg = Release|Any CPU
		{E8998423-B261-4C00-9C3C-AA4B21483C5C}.Release|Any CPU.Build.0 = Release|Any CPU
	EndGlobalSection
	GlobalSection(SolutionProperties) = preSolution
		HideSolutionNode = FALSE
	EndGlobalSection
	GlobalSection(ExtensibilityGlobals) = postSolution
		SolutionGuid = {F5A5A31C-55F9-4938-843A-C2E5A12BA2B1}
	EndGlobalSection
EndGlobal
